
Microsoft Visual Studio Solution File, Format Version 11.00
# Visual Studio 2010
Project("{FAE04EC0-301F-11D3-BF4B-00C04F79EFBC}") = "Recipe11-03", "Recipe11-03\Recipe11-03.csproj", "{A0C78070-F7CA-4A68-B37F-430292C2BF4C}"
EndProject
Project("{FAE04EC0-301F-11D3-BF4B-00C04F79EFBC}") = "Recipe11-04", "Recipe11-04\Recipe11-04.csproj", "{068871D8-1B71-401C-960F-B159B1D4F7C2}"
EndProject
Project("{FAE04EC0-301F-11D3-BF4B-00C04F79EFBC}") = "Recipe11-05", "Recipe11-05\Recipe11-05.csproj", "{A378AE06-3B11-43F9-AFC5-99D816A4ADD3}"
EndProject
Project("{FAE04EC0-301F-11D3-BF4B-00C04F79EFBC}") = "Recipe11-06", "Recipe11-06\Recipe11-06.csproj", "{549B65CC-9DFF-426A-B9D2-471FC4344ECB}"
EndProject
Project("{FAE04EC0-301F-11D3-BF4B-00C04F79EFBC}") = "Recipe11-07", "Recipe11-07\Recipe11-07.csproj", "{EE1BDC37-799F-4FAA-BB17-A89DB646495A}"
EndProject
Project("{FAE04EC0-301F-11D3-BF4B-00C04F79EFBC}") = "Recipe11-08", "Recipe11-08\Recipe11-08.csproj", "{EA3AED7C-40DE-4CC4-8147-06D9B96AE4A8}"
EndProject
Project("{FAE04EC0-301F-11D3-BF4B-00C04F79EFBC}") = "Recipe11-09", "Recipe11-09\Recipe11-09.csproj", "{7F17E99C-F5A2-49A6-9233-9C3EAB522384}"
EndProject
Project("{FAE04EC0-301F-11D3-BF4B-00C04F79EFBC}") = "Recipe11-10", "Recipe11-10\Recipe11-10.csproj", "{07400E2D-036D-40B0-A310-82E99B740951}"
EndProject
Project("{FAE04EC0-301F-11D3-BF4B-00C04F79EFBC}") = "Recipe11-11", "Recipe11-11\Recipe11-11.csproj", "{78094AA8-BF97-4317-9715-C8A31F1F26D2}"
EndProject
Project("{FAE04EC0-301F-11D3-BF4B-00C04F79EFBC}") = "Recipe11-13", "Recipe11-13\Recipe11-13.csproj", "{48C0575C-87C4-4C97-98EE-CC05868657A3}"
EndProject
Project("{FAE04EC0-301F-11D3-BF4B-00C04F79EFBC}") = "Recipe11-14", "Recipe11-14\Recipe11-14.csproj", "{F6423779-CF96-4684-974C-5205410D6936}"
EndProject
Project("{FAE04EC0-301F-11D3-BF4B-00C04F79EFBC}") = "Recipe11-15", "Recipe11-15\Recipe11-15.csproj", "{9AF63DE3-8852-4F40-8DE5-4BB8DDB4B6F5}"
EndProject
Project("{FAE04EC0-301F-11D3-BF4B-00C04F79EFBC}") = "Recipe11-16", "Recipe11-16\Recipe11-16.csproj", "{44A98AAA-0A7B-4B29-87AC-A8BAF01B6BE9}"
EndProject
Project("{FAE04EC0-301F-11D3-BF4B-00C04F79EFBC}") = "Recipe11-17", "Recipe11-17\Recipe11-17.csproj", "{43C3267A-187E-498F-9BA4-3A79989AC963}"
EndProject
Project("{FAE04EC0-301F-11D3-BF4B-00C04F79EFBC}") = "Recipe11-18", "Recipe11-18\Recipe11-18.csproj", "{DD0C516E-16C8-4834-BBA4-D570D5283E68}"
EndProject
Project("{FAE04EC0-301F-11D3-BF4B-00C04F79EFBC}") = "Recipe11-19", "Recipe11-19\Recipe11-19.csproj", "{C4130E7B-2D27-4D01-82EA-392922C84584}"
EndProject
Project("{FAE04EC0-301F-11D3-BF4B-00C04F79EFBC}") = "Recipe11-12", "Recipe11-12\Recipe11-12.csproj", "{3E32B6A5-14C7-4D90-903C-2B5375E1D22D}"
EndProject
Global
	GlobalSection(SolutionConfigurationPlatforms) = preSolution
		Debug|Any CPU = Debug|Any CPU
		Release|Any CPU = Release|Any CPU
	EndGlobalSection
	GlobalSection(ProjectConfigurationPlatforms) = postSolution
		{A0C78070-F7CA-4A68-B37F-430292C2BF4C}.Debug|Any CPU.ActiveCfg = Debug|Any CPU
		{A0C78070-F7CA-4A68-B37F-430292C2BF4C}.Debug|Any CPU.Build.0 = Debug|Any CPU
		{A0C78070-F7CA-4A68-B37F-430292C2BF4C}.Release|Any CPU.ActiveCfg = Release|Any CPU
		{A0C78070-F7CA-4A68-B37F-430292C2BF4C}.Release|Any CPU.Build.0 = Release|Any CPU
		{068871D8-1B71-401C-960F-B159B1D4F7C2}.Debug|Any CPU.ActiveCfg = Debug|Any CPU
		{068871D8-1B71-401C-960F-B159B1D4F7C2}.Debug|Any CPU.Build.0 = Debug|Any CPU
		{068871D8-1B71-401C-960F-B159B1D4F7C2}.Release|Any CPU.ActiveCfg = Release|Any CPU
		{068871D8-1B71-401C-960F-B159B1D4F7C2}.Release|Any CPU.Build.0 = Release|Any CPU
		{A378AE06-3B11-43F9-AFC5-99D816A4ADD3}.Debug|Any CPU.ActiveCfg = Debug|Any CPU
		{A378AE06-3B11-43F9-AFC5-99D816A4ADD3}.Debug|Any CPU.Build.0 = Debug|Any CPU
		{A378AE06-3B11-43F9-AFC5-99D816A4ADD3}.Release|Any CPU.ActiveCfg = Release|Any CPU
		{A378AE06-3B11-43F9-AFC5-99D816A4ADD3}.Release|Any CPU.Build.0 = Release|Any CPU
		{549B65CC-9DFF-426A-B9D2-471FC4344ECB}.Debug|Any CPU.ActiveCfg = Debug|Any CPU
		{549B65CC-9DFF-426A-B9D2-471FC4344ECB}.Debug|Any CPU.Build.0 = Debug|Any CPU
		{549B65CC-9DFF-426A-B9D2-471FC4344ECB}.Release|Any CPU.ActiveCfg = Release|Any CPU
		{549B65CC-9DFF-426A-B9D2-471FC4344ECB}.Release|Any CPU.Build.0 = Release|Any CPU
		{EE1BDC37-799F-4FAA-BB17-A89DB646495A}.Debug|Any CPU.ActiveCfg = Debug|Any CPU
		{EE1BDC37-799F-4FAA-BB17-A89DB646495A}.Debug|Any CPU.Build.0 = Debug|Any CPU
		{EE1BDC37-799F-4FAA-BB17-A89DB646495A}.Release|Any CPU.ActiveCfg = Release|Any CPU
		{EE1BDC37-799F-4FAA-BB17-A89DB646495A}.Release|Any CPU.Build.0 = Release|Any CPU
		{EA3AED7C-40DE-4CC4-8147-06D9B96AE4A8}.Debug|Any CPU.ActiveCfg = Debug|Any CPU
		{EA3AED7C-40DE-4CC4-8147-06D9B96AE4A8}.Debug|Any CPU.Build.0 = Debug|Any CPU
		{EA3AED7C-40DE-4CC4-8147-06D9B96AE4A8}.Release|Any CPU.ActiveCfg = Release|Any CPU
		{EA3AED7C-40DE-4CC4-8147-06D9B96AE4A8}.Release|Any CPU.Build.0 = Release|Any CPU
		{7F17E99C-F5A2-49A6-9233-9C3EAB522384}.Debug|Any CPU.ActiveCfg = Debug|Any CPU
		{7F17E99C-F5A2-49A6-9233-9C3EAB522384}.Debug|Any CPU.Build.0 = Debug|Any CPU
		{7F17E99C-F5A2-49A6-9233-9C3EAB522384}.Release|Any CPU.ActiveCfg = Release|Any CPU
		{7F17E99C-F5A2-49A6-9233-9C3EAB522384}.Release|Any CPU.Build.0 = Release|Any CPU
		{07400E2D-036D-40B0-A310-82E99B740951}.Debug|Any CPU.ActiveCfg = Debug|Any CPU
		{07400E2D-036D-40B0-A310-82E99B740951}.Debug|Any CPU.Build.0 = Debug|Any CPU
		{07400E2D-036D-40B0-A310-82E99B740951}.Release|Any CPU.ActiveCfg = Release|Any CPU
		{07400E2D-036D-40B0-A310-82E99B740951}.Release|Any CPU.Build.0 = Release|Any CPU
		{78094AA8-BF97-4317-9715-C8A31F1F26D2}.Debug|Any CPU.ActiveCfg = Debug|Any CPU
		{78094AA8-BF97-4317-9715-C8A31F1F26D2}.Debug|Any CPU.Build.0 = Debug|Any CPU
		{78094AA8-BF97-4317-9715-C8A31F1F26D2}.Release|Any CPU.ActiveCfg = Release|Any CPU
		{78094AA8-BF97-4317-9715-C8A31F1F26D2}.Release|Any CPU.Build.0 = Release|Any CPU
		{48C0575C-87C4-4C97-98EE-CC05868657A3}.Debug|Any CPU.ActiveCfg = Debug|Any CPU
		{48C0575C-87C4-4C97-98EE-CC05868657A3}.Debug|Any CPU.Build.0 = Debug|Any CPU
		{48C0575C-87C4-4C97-98EE-CC05868657A3}.Release|Any CPU.ActiveCfg = Release|Any CPU
		{48C0575C-87C4-4C97-98EE-CC05868657A3}.Release|Any CPU.Build.0 = Release|Any CPU
		{F6423779-CF96-4684-974C-5205410D6936}.Debug|Any CPU.ActiveCfg = Debug|Any CPU
		{F6423779-CF96-4684-974C-5205410D6936}.Debug|Any CPU.Build.0 = Debug|Any CPU
		{F6423779-CF96-4684-974C-5205410D6936}.Release|Any CPU.ActiveCfg = Release|Any CPU
		{F6423779-CF96-4684-974C-5205410D6936}.Release|Any CPU.Build.0 = Release|Any CPU
		{9AF63DE3-8852-4F40-8DE5-4BB8DDB4B6F5}.Debug|Any CPU.ActiveCfg = Debug|Any CPU
		{9AF63DE3-8852-4F40-8DE5-4BB8DDB4B6F5}.Debug|Any CPU.Build.0 = Debug|Any CPU
		{9AF63DE3-8852-4F40-8DE5-4BB8DDB4B6F5}.Release|Any CPU.ActiveCfg = Release|Any CPU
		{9AF63DE3-8852-4F40-8DE5-4BB8DDB4B6F5}.Release|Any CPU.Build.0 = Release|Any CPU
		{44A98AAA-0A7B-4B29-87AC-A8BAF01B6BE9}.Debug|Any CPU.ActiveCfg = Debug|Any CPU
		{44A98AAA-0A7B-4B29-87AC-A8BAF01B6BE9}.Debug|Any CPU.Build.0 = Debug|Any CPU
		{44A98AAA-0A7B-4B29-87AC-A8BAF01B6BE9}.Release|Any CPU.ActiveCfg = Release|Any CPU
		{44A98AAA-0A7B-4B29-87AC-A8BAF01B6BE9}.Release|Any CPU.Build.0 = Release|Any CPU
		{43C3267A-187E-498F-9BA4-3A79989AC963}.Debug|Any CPU.ActiveCfg = Debug|Any CPU
		{43C3267A-187E-498F-9BA4-3A79989AC963}.Debug|Any CPU.Build.0 = Debug|Any CPU
		{43C3267A-187E-498F-9BA4-3A79989AC963}.Release|Any CPU.ActiveCfg = Release|Any CPU
		{43C3267A-187E-498F-9BA4-3A79989AC963}.Release|Any CPU.Build.0 = Release|Any CPU
		{DD0C516E-16C8-4834-BBA4-D570D5283E68}.Debug|Any CPU.ActiveCfg = Debug|Any CPU
		{DD0C516E-16C8-4834-BBA4-D570D5283E68}.Debug|Any CPU.Build.0 = Debug|Any CPU
		{DD0C516E-16C8-4834-BBA4-D570D5283E68}.Release|Any CPU.ActiveCfg = Release|Any CPU
		{DD0C516E-16C8-4834-BBA4-D570D5283E68}.Release|Any CPU.Build.0 = Release|Any CPU
		{C4130E7B-2D27-4D01-82EA-392922C84584}.Debug|Any CPU.ActiveCfg = Debug|Any CPU
		{C4130E7B-2D27-4D01-82EA-392922C84584}.Debug|Any CPU.Build.0 = Debug|Any CPU
		{C4130E7B-2D27-4D01-82EA-392922C84584}.Release|Any CPU.ActiveCfg = Release|Any CPU
		{C4130E7B-2D27-4D01-82EA-392922C84584}.Release|Any CPU.Build.0 = Release|Any CPU
		{3E32B6A5-14C7-4D90-903C-2B5375E1D22D}.Debug|Any CPU.ActiveCfg = Debug|Any CPU
		{3E32B6A5-14C7-4D90-903C-2B5375E1D22D}.Debug|Any CPU.Build.0 = Debug|Any CPU
		{3E32B6A5-14C7-4D90-903C-2B5375E1D22D}.Release|Any CPU.ActiveCfg = Release|Any CPU
		{3E32B6A5-14C7-4D90-903C-2B5375E1D22D}.Release|Any CPU.Build.0 = Release|Any CPU
	EndGlobalSection
	GlobalSection(SolutionProperties) = preSolution
		HideSolutionNode = FALSE
	EndGlobalSection
EndGlobal
