
Microsoft Visual Studio Solution File, Format Version 11.00
# Visual Studio 10
Project("{FAE04EC0-301F-11D3-BF4B-00C04F79EFBC}") = "Recipe04-01", "Recipe04-01\Recipe04-01.csproj", "{1FF377E2-008E-4D51-B3E0-5B68FD3F2B51}"
EndProject
Project("{FAE04EC0-301F-11D3-BF4B-00C04F79EFBC}") = "Recipe04-02", "Recipe04-02\Recipe04-02.csproj", "{27691FDB-9926-4595-BCAB-E59306734F37}"
EndProject
Project("{FAE04EC0-301F-11D3-BF4B-00C04F79EFBC}") = "Recipe04-03", "Recipe04-03\Recipe04-03.csproj", "{1B792D91-CFD9-4D33-84A5-107C359E9D7D}"
EndProject
Project("{FAE04EC0-301F-11D3-BF4B-00C04F79EFBC}") = "Recipe04-04", "Recipe04-04\Recipe04-04.csproj", "{115CDACD-E5DC-4088-99B8-0A620658833E}"
EndProject
Project("{FAE04EC0-301F-11D3-BF4B-00C04F79EFBC}") = "Recipe04-05", "Recipe04-05\Recipe04-05.csproj", "{67A33E96-B3A6-4376-BF5B-ABF6A2EDE3B4}"
EndProject
Project("{FAE04EC0-301F-11D3-BF4B-00C04F79EFBC}") = "Recipe04-06", "Recipe04-06\Recipe04-06.csproj", "{3B6E37BC-5D5A-4EDB-998C-28530DEDE80A}"
EndProject
Project("{FAE04EC0-301F-11D3-BF4B-00C04F79EFBC}") = "Recipe04-07", "Recipe04-07\Recipe04-07.csproj", "{378D9E4B-2B74-41DC-AD9C-1EB1539500CF}"
EndProject
Project("{FAE04EC0-301F-11D3-BF4B-00C04F79EFBC}") = "Recipe04-08", "Recipe04-08\Recipe04-08.csproj", "{5261023F-BCFD-43BA-9D20-9B003B8A6270}"
EndProject
Project("{FAE04EC0-301F-11D3-BF4B-00C04F79EFBC}") = "Recipe04-09", "Recipe04-09\Recipe04-09.csproj", "{2BC73402-6F92-48C8-A433-97E2702EB5A4}"
EndProject
Project("{FAE04EC0-301F-11D3-BF4B-00C04F79EFBC}") = "Recipe04-10", "Recipe04-10\Recipe04-10.csproj", "{781451F3-EF83-4D8F-95D6-724B0C0D3D23}"
EndProject
Project("{FAE04EC0-301F-11D3-BF4B-00C04F79EFBC}") = "Recipe04-11", "Recipe04-11\Recipe04-11.csproj", "{286ACF1F-88FF-4729-85C1-410EB149F2F5}"
EndProject
Project("{FAE04EC0-301F-11D3-BF4B-00C04F79EFBC}") = "Recipe04-12", "Recipe04-12\Recipe04-12.csproj", "{D74927F1-B835-4293-9613-C79AB114794C}"
EndProject
Project("{FAE04EC0-301F-11D3-BF4B-00C04F79EFBC}") = "Recipe04-13", "Recipe04-13\Recipe04-13.csproj", "{BE65A805-7918-4A3A-8A18-A3BB39F46D28}"
EndProject
Project("{FAE04EC0-301F-11D3-BF4B-00C04F79EFBC}") = "Recipe04-15", "Recipe04-15\Recipe04-15.csproj", "{AF62E6B5-2FBA-4662-BCC7-16B551AA52C5}"
EndProject
Project("{FAE04EC0-301F-11D3-BF4B-00C04F79EFBC}") = "Recipe04-16", "Recipe04-16\Recipe04-16.csproj", "{ECD2DD31-26F5-4E1E-8DFA-ACB525050369}"
EndProject
Project("{FAE04EC0-301F-11D3-BF4B-00C04F79EFBC}") = "Recipe04-17", "Recipe04-17\Recipe04-17.csproj", "{75774AA4-50EC-4139-9657-A8AB31F20F96}"
EndProject
Global
	GlobalSection(SolutionConfigurationPlatforms) = preSolution
		Debug|Any CPU = Debug|Any CPU
		Release|Any CPU = Release|Any CPU
	EndGlobalSection
	GlobalSection(ProjectConfigurationPlatforms) = postSolution
		{1FF377E2-008E-4D51-B3E0-5B68FD3F2B51}.Debug|Any CPU.ActiveCfg = Debug|Any CPU
		{1FF377E2-008E-4D51-B3E0-5B68FD3F2B51}.Debug|Any CPU.Build.0 = Debug|Any CPU
		{1FF377E2-008E-4D51-B3E0-5B68FD3F2B51}.Release|Any CPU.ActiveCfg = Release|Any CPU
		{1FF377E2-008E-4D51-B3E0-5B68FD3F2B51}.Release|Any CPU.Build.0 = Release|Any CPU
		{27691FDB-9926-4595-BCAB-E59306734F37}.Debug|Any CPU.ActiveCfg = Debug|Any CPU
		{27691FDB-9926-4595-BCAB-E59306734F37}.Debug|Any CPU.Build.0 = Debug|Any CPU
		{27691FDB-9926-4595-BCAB-E59306734F37}.Release|Any CPU.ActiveCfg = Release|Any CPU
		{27691FDB-9926-4595-BCAB-E59306734F37}.Release|Any CPU.Build.0 = Release|Any CPU
		{1B792D91-CFD9-4D33-84A5-107C359E9D7D}.Debug|Any CPU.ActiveCfg = Debug|Any CPU
		{1B792D91-CFD9-4D33-84A5-107C359E9D7D}.Debug|Any CPU.Build.0 = Debug|Any CPU
		{1B792D91-CFD9-4D33-84A5-107C359E9D7D}.Release|Any CPU.ActiveCfg = Release|Any CPU
		{1B792D91-CFD9-4D33-84A5-107C359E9D7D}.Release|Any CPU.Build.0 = Release|Any CPU
		{115CDACD-E5DC-4088-99B8-0A620658833E}.Debug|Any CPU.ActiveCfg = Debug|Any CPU
		{115CDACD-E5DC-4088-99B8-0A620658833E}.Debug|Any CPU.Build.0 = Debug|Any CPU
		{115CDACD-E5DC-4088-99B8-0A620658833E}.Release|Any CPU.ActiveCfg = Release|Any CPU
		{115CDACD-E5DC-4088-99B8-0A620658833E}.Release|Any CPU.Build.0 = Release|Any CPU
		{67A33E96-B3A6-4376-BF5B-ABF6A2EDE3B4}.Debug|Any CPU.ActiveCfg = Debug|Any CPU
		{67A33E96-B3A6-4376-BF5B-ABF6A2EDE3B4}.Debug|Any CPU.Build.0 = Debug|Any CPU
		{67A33E96-B3A6-4376-BF5B-ABF6A2EDE3B4}.Release|Any CPU.ActiveCfg = Release|Any CPU
		{67A33E96-B3A6-4376-BF5B-ABF6A2EDE3B4}.Release|Any CPU.Build.0 = Release|Any CPU
		{3B6E37BC-5D5A-4EDB-998C-28530DEDE80A}.Debug|Any CPU.ActiveCfg = Debug|Any CPU
		{3B6E37BC-5D5A-4EDB-998C-28530DEDE80A}.Debug|Any CPU.Build.0 = Debug|Any CPU
		{3B6E37BC-5D5A-4EDB-998C-28530DEDE80A}.Release|Any CPU.ActiveCfg = Release|Any CPU
		{3B6E37BC-5D5A-4EDB-998C-28530DEDE80A}.Release|Any CPU.Build.0 = Release|Any CPU
		{378D9E4B-2B74-41DC-AD9C-1EB1539500CF}.Debug|Any CPU.ActiveCfg = Debug|Any CPU
		{378D9E4B-2B74-41DC-AD9C-1EB1539500CF}.Debug|Any CPU.Build.0 = Debug|Any CPU
		{378D9E4B-2B74-41DC-AD9C-1EB1539500CF}.Release|Any CPU.ActiveCfg = Release|Any CPU
		{378D9E4B-2B74-41DC-AD9C-1EB1539500CF}.Release|Any CPU.Build.0 = Release|Any CPU
		{5261023F-BCFD-43BA-9D20-9B003B8A6270}.Debug|Any CPU.ActiveCfg = Debug|Any CPU
		{5261023F-BCFD-43BA-9D20-9B003B8A6270}.Debug|Any CPU.Build.0 = Debug|Any CPU
		{5261023F-BCFD-43BA-9D20-9B003B8A6270}.Release|Any CPU.ActiveCfg = Release|Any CPU
		{5261023F-BCFD-43BA-9D20-9B003B8A6270}.Release|Any CPU.Build.0 = Release|Any CPU
		{2BC73402-6F92-48C8-A433-97E2702EB5A4}.Debug|Any CPU.ActiveCfg = Debug|Any CPU
		{2BC73402-6F92-48C8-A433-97E2702EB5A4}.Debug|Any CPU.Build.0 = Debug|Any CPU
		{2BC73402-6F92-48C8-A433-97E2702EB5A4}.Release|Any CPU.ActiveCfg = Release|Any CPU
		{2BC73402-6F92-48C8-A433-97E2702EB5A4}.Release|Any CPU.Build.0 = Release|Any CPU
		{781451F3-EF83-4D8F-95D6-724B0C0D3D23}.Debug|Any CPU.ActiveCfg = Debug|Any CPU
		{781451F3-EF83-4D8F-95D6-724B0C0D3D23}.Debug|Any CPU.Build.0 = Debug|Any CPU
		{781451F3-EF83-4D8F-95D6-724B0C0D3D23}.Release|Any CPU.ActiveCfg = Release|Any CPU
		{781451F3-EF83-4D8F-95D6-724B0C0D3D23}.Release|Any CPU.Build.0 = Release|Any CPU
		{286ACF1F-88FF-4729-85C1-410EB149F2F5}.Debug|Any CPU.ActiveCfg = Debug|Any CPU
		{286ACF1F-88FF-4729-85C1-410EB149F2F5}.Debug|Any CPU.Build.0 = Debug|Any CPU
		{286ACF1F-88FF-4729-85C1-410EB149F2F5}.Release|Any CPU.ActiveCfg = Release|Any CPU
		{286ACF1F-88FF-4729-85C1-410EB149F2F5}.Release|Any CPU.Build.0 = Release|Any CPU
		{D74927F1-B835-4293-9613-C79AB114794C}.Debug|Any CPU.ActiveCfg = Debug|Any CPU
		{D74927F1-B835-4293-9613-C79AB114794C}.Debug|Any CPU.Build.0 = Debug|Any CPU
		{D74927F1-B835-4293-9613-C79AB114794C}.Release|Any CPU.ActiveCfg = Release|Any CPU
		{D74927F1-B835-4293-9613-C79AB114794C}.Release|Any CPU.Build.0 = Release|Any CPU
		{BE65A805-7918-4A3A-8A18-A3BB39F46D28}.Debug|Any CPU.ActiveCfg = Debug|Any CPU
		{BE65A805-7918-4A3A-8A18-A3BB39F46D28}.Debug|Any CPU.Build.0 = Debug|Any CPU
		{BE65A805-7918-4A3A-8A18-A3BB39F46D28}.Release|Any CPU.ActiveCfg = Release|Any CPU
		{BE65A805-7918-4A3A-8A18-A3BB39F46D28}.Release|Any CPU.Build.0 = Release|Any CPU
		{AF62E6B5-2FBA-4662-BCC7-16B551AA52C5}.Debug|Any CPU.ActiveCfg = Debug|Any CPU
		{AF62E6B5-2FBA-4662-BCC7-16B551AA52C5}.Debug|Any CPU.Build.0 = Debug|Any CPU
		{AF62E6B5-2FBA-4662-BCC7-16B551AA52C5}.Release|Any CPU.ActiveCfg = Release|Any CPU
		{AF62E6B5-2FBA-4662-BCC7-16B551AA52C5}.Release|Any CPU.Build.0 = Release|Any CPU
		{ECD2DD31-26F5-4E1E-8DFA-ACB525050369}.Debug|Any CPU.ActiveCfg = Debug|Any CPU
		{ECD2DD31-26F5-4E1E-8DFA-ACB525050369}.Debug|Any CPU.Build.0 = Debug|Any CPU
		{ECD2DD31-26F5-4E1E-8DFA-ACB525050369}.Release|Any CPU.ActiveCfg = Release|Any CPU
		{ECD2DD31-26F5-4E1E-8DFA-ACB525050369}.Release|Any CPU.Build.0 = Release|Any CPU
		{75774AA4-50EC-4139-9657-A8AB31F20F96}.Debug|Any CPU.ActiveCfg = Debug|Any CPU
		{75774AA4-50EC-4139-9657-A8AB31F20F96}.Debug|Any CPU.Build.0 = Debug|Any CPU
		{75774AA4-50EC-4139-9657-A8AB31F20F96}.Release|Any CPU.ActiveCfg = Release|Any CPU
		{75774AA4-50EC-4139-9657-A8AB31F20F96}.Release|Any CPU.Build.0 = Release|Any CPU
	EndGlobalSection
	GlobalSection(SolutionProperties) = preSolution
		HideSolutionNode = FALSE
	EndGlobalSection
EndGlobal
