Microsoft Visual Studio Solution File, Format Version 8.00
Project("{FAE04EC0-301F-11D3-BF4B-00C04F79EFBC}") = "Markdown.NET", "Markdown.NET\Markdown.NET.csproj", "{9DB97A09-B306-4CD9-8ADC-B1A56F037B8D}"
	ProjectSection(ProjectDependencies) = postProject
	EndProjectSection
EndProject
Project("{FAE04EC0-301F-11D3-BF4B-00C04F79EFBC}") = "SmartyPants.NET", "SmartyPants.NET\SmartyPants.NET.csproj", "{23913B82-48B9-4A6F-AE69-2E80BDEEECAB}"
	ProjectSection(ProjectDependencies) = postProject
	EndProjectSection
EndProject
Project("{FAE04EC0-301F-11D3-BF4B-00C04F79EFBC}") = "Driver", "http://localhost/MarkdownDriver/Driver.csproj", "{39CA1C88-0A0D-4E74-9674-7E4C45D772BD}"
	ProjectSection(ProjectDependencies) = postProject
	EndProjectSection
EndProject
Global
	GlobalSection(SourceCodeControl) = preSolution
		SccNumberOfProjects = 4
		SccLocalPath0 = .
		CanCheckoutShared = false
		SolutionUniqueID = {CF702BF0-A481-48CB-A3D6-0DDE562AA227}
		SccProjectUniqueName1 = http://localhost/MarkdownDriver/Driver.csproj
		SccProjectName1 = \u0022$/Web\u0020writing/Driver\u0022,\u0020ZDCAAAAA
		SccLocalPath1 = Driver
		CanCheckoutShared = false
		SccProjectEnlistmentChoice1 = 2
		SccProjectUniqueName2 = Markdown.NET\\Markdown.NET.csproj
		SccLocalPath2 = .
		CanCheckoutShared = false
		SccProjectFilePathRelativizedFromConnection2 = Markdown.NET\\
		SccProjectUniqueName3 = SmartyPants.NET\\SmartyPants.NET.csproj
		SccLocalPath3 = .
		CanCheckoutShared = false
		SccProjectFilePathRelativizedFromConnection3 = SmartyPants.NET\\
	EndGlobalSection
	GlobalSection(SolutionConfiguration) = preSolution
		Debug = Debug
		Release = Release
	EndGlobalSection
	GlobalSection(ProjectConfiguration) = postSolution
		{9DB97A09-B306-4CD9-8ADC-B1A56F037B8D}.Debug.ActiveCfg = Debug|.NET
		{9DB97A09-B306-4CD9-8ADC-B1A56F037B8D}.Debug.Build.0 = Debug|.NET
		{9DB97A09-B306-4CD9-8ADC-B1A56F037B8D}.Release.ActiveCfg = Release|.NET
		{9DB97A09-B306-4CD9-8ADC-B1A56F037B8D}.Release.Build.0 = Release|.NET
		{23913B82-48B9-4A6F-AE69-2E80BDEEECAB}.Debug.ActiveCfg = Debug|.NET
		{23913B82-48B9-4A6F-AE69-2E80BDEEECAB}.Debug.Build.0 = Debug|.NET
		{23913B82-48B9-4A6F-AE69-2E80BDEEECAB}.Release.ActiveCfg = Release|.NET
		{23913B82-48B9-4A6F-AE69-2E80BDEEECAB}.Release.Build.0 = Release|.NET
		{39CA1C88-0A0D-4E74-9674-7E4C45D772BD}.Debug.ActiveCfg = Debug|.NET
		{39CA1C88-0A0D-4E74-9674-7E4C45D772BD}.Debug.Build.0 = Debug|.NET
		{39CA1C88-0A0D-4E74-9674-7E4C45D772BD}.Release.ActiveCfg = Release|.NET
		{39CA1C88-0A0D-4E74-9674-7E4C45D772BD}.Release.Build.0 = Release|.NET
	EndGlobalSection
	GlobalSection(ExtensibilityGlobals) = postSolution
	EndGlobalSection
	GlobalSection(ExtensibilityAddIns) = postSolution
	EndGlobalSection
EndGlobal
